// !$*UTF8*$!
{
	archiveVersion = 1;
	classes = {
	};
	objectVersion = 50;
	objects = {

/* Begin PBXBuildFile section */
		23D75EAA257D47F200ED8DEB /* AppDelegate.swift in Sources */ = {isa = PBXBuildFile; fileRef = 23D75EA9257D47F200ED8DEB /* AppDelegate.swift */; };
		23D75EAC257D47F200ED8DEB /* SceneDelegate.swift in Sources */ = {isa = PBXBuildFile; fileRef = 23D75EAB257D47F200ED8DEB /* SceneDelegate.swift */; };
		23D75EAE257D47F200ED8DEB /* ViewController.swift in Sources */ = {isa = PBXBuildFile; fileRef = 23D75EAD257D47F200ED8DEB /* ViewController.swift */; };
		23D75EB1257D47F200ED8DEB /* Main.storyboard in Resources */ = {isa = PBXBuildFile; fileRef = 23D75EAF257D47F200ED8DEB /* Main.storyboard */; };
		23D75EB3257D47F300ED8DEB /* Assets.xcassets in Resources */ = {isa = PBXBuildFile; fileRef = 23D75EB2257D47F300ED8DEB /* Assets.xcassets */; };
		23D75EB6257D47F300ED8DEB /* LaunchScreen.storyboard in Resources */ = {isa = PBXBuildFile; fileRef = 23D75EB4257D47F300ED8DEB /* LaunchScreen.storyboard */; };
		23D75EC1257D47F300ED8DEB /* FirstAppTests.swift in Sources */ = {isa = PBXBuildFile; fileRef = 23D75EC0257D47F300ED8DEB /* FirstAppTests.swift */; };
		23D75ECC257D47F300ED8DEB /* FirstAppUITests.swift in Sources */ = {isa = PBXBuildFile; fileRef = 23D75ECB257D47F300ED8DEB /* FirstAppUITests.swift */; };
/* End PBXBuildFile section */

/* Begin PBXContainerItemProxy section */
		23D75EBD257D47F300ED8DEB /* PBXContainerItemProxy */ = {
			isa = PBXContainerItemProxy;
			containerPortal = 23D75E9E257D47F200ED8DEB /* Project object */;
			proxyType = 1;
			remoteGlobalIDString = 23D75EA5257D47F200ED8DEB;
			remoteInfo = FirstApp;
		};
		23D75EC8257D47F300ED8DEB /* PBXContainerItemProxy */ = {
			isa = PBXContainerItemProxy;
			containerPortal = 23D75E9E257D47F200ED8DEB /* Project object */;
			proxyType = 1;
			remoteGlobalIDString = 23D75EA5257D47F200ED8DEB;
			remoteInfo = FirstApp;
		};
/* End PBXContainerItemProxy section */

/* Begin PBXFileReference section */
		23D75EA6257D47F200ED8DEB /* FirstApp.app */ = {isa = PBXFileReference; explicitFileType = wrapper.application; includeInIndex = 0; path = FirstApp.app; sourceTree = BUILT_PRODUCTS_DIR; };
		23D75EA9257D47F200ED8DEB /* AppDelegate.swift */ = {isa = PBXFileReference; lastKnownFileType = sourcecode.swift; path = AppDelegate.swift; sourceTree = "<group>"; };
		23D75EAB257D47F200ED8DEB /* SceneDelegate.swift */ = {isa = PBXFileReference; lastKnownFileType = sourcecode.swift; path = SceneDelegate.swift; sourceTree = "<group>"; };
		23D75EAD257D47F200ED8DEB /* ViewController.swift */ = {isa = PBXFileReference; lastKnownFileType = sourcecode.swift; path = ViewController.swift; sourceTree = "<group>"; };
		23D75EB0257D47F200ED8DEB /* Base */ = {isa = PBXFileReference; lastKnownFileType = file.storyboard; name = Base; path = Base.lproj/Main.storyboard; sourceTree = "<group>"; };
		23D75EB2257D47F300ED8DEB /* Assets.xcassets */ = {isa = PBXFileReference; lastKnownFileType = folder.assetcatalog; path = Assets.xcassets; sourceTree = "<group>"; };
		23D75EB5257D47F300ED8DEB /* Base */ = {isa = PBXFileReference; lastKnownFileType = file.storyboard; name = Base; path = Base.lproj/LaunchScreen.storyboard; sourceTree = "<group>"; };
		23D75EB7257D47F300ED8DEB /* Info.plist */ = {isa = PBXFileReference; lastKnownFileType = text.plist.xml; path = Info.plist; sourceTree = "<group>"; };
		23D75EBC257D47F300ED8DEB /* FirstAppTests.xctest */ = {isa = PBXFileReference; explicitFileType = wrapper.cfbundle; includeInIndex = 0; path = FirstAppTests.xctest; sourceTree = BUILT_PRODUCTS_DIR; };
		23D75EC0257D47F300ED8DEB /* FirstAppTests.swift */ = {isa = PBXFileReference; lastKnownFileType = sourcecode.swift; path = FirstAppTests.swift; sourceTree = "<group>"; };
		23D75EC2257D47F300ED8DEB /* Info.plist */ = {isa = PBXFileReference; lastKnownFileType = text.plist.xml; path = Info.plist; sourceTree = "<group>"; };
		23D75EC7257D47F300ED8DEB /* FirstAppUITests.xctest */ = {isa = PBXFileReference; explicitFileType = wrapper.cfbundle; includeInIndex = 0; path = FirstAppUITests.xctest; sourceTree = BUILT_PRODUCTS_DIR; };
		23D75ECB257D47F300ED8DEB /* FirstAppUITests.swift */ = {isa = PBXFileReference; lastKnownFileType = sourcecode.swift; path = FirstAppUITests.swift; sourceTree = "<group>"; };
		23D75ECD257D47F300ED8DEB /* Info.plist */ = {isa = PBXFileReference; lastKnownFileType = text.plist.xml; path = Info.plist; sourceTree = "<group>"; };
/* End PBXFileReference section */

/* Begin PBXFrameworksBuildPhase section */
		23D75EA3257D47F200ED8DEB /* Frameworks */ = {
			isa = PBXFrameworksBuildPhase;
			buildActionMask = 2147483647;
			files = (
			);
			runOnlyForDeploymentPostprocessing = 0;
		};
		23D75EB9257D47F300ED8DEB /* Frameworks */ = {
			isa = PBXFrameworksBuildPhase;
			buildActionMask = 2147483647;
			files = (
			);
			runOnlyForDeploymentPostprocessing = 0;
		};
		23D75EC4257D47F300ED8DEB /* Frameworks */ = {
			isa = PBXFrameworksBuildPhase;
			buildActionMask = 2147483647;
			files = (
			);
			runOnlyForDeploymentPostprocessing = 0;
		};
/* End PBXFrameworksBuildPhase section */

/* Begin PBXGroup section */
		23D75E9D257D47F200ED8DEB = {
			isa = PBXGroup;
			children = (
				23D75EA8257D47F200ED8DEB /* FirstApp */,
				23D75EBF257D47F300ED8DEB /* FirstAppTests */,
				23D75ECA257D47F300ED8DEB /* FirstAppUITests */,
				23D75EA7257D47F200ED8DEB /* Products */,
			);
			sourceTree = "<group>";
		};
		23D75EA7257D47F200ED8DEB /* Products */ = {
			isa = PBXGroup;
			children = (
				23D75EA6257D47F200ED8DEB /* FirstApp.app */,
				23D75EBC257D47F300ED8DEB /* FirstAppTests.xctest */,
				23D75EC7257D47F300ED8DEB /* FirstAppUITests.xctest */,
			);
			name = Products;
			sourceTree = "<group>";
		};
		23D75EA8257D47F200ED8DEB /* FirstApp */ = {
			isa = PBXGroup;
			children = (
				23D75EA9257D47F200ED8DEB /* AppDelegate.swift */,
				23D75EAB257D47F200ED8DEB /* SceneDelegate.swift */,
				23D75EAD257D47F200ED8DEB /* ViewController.swift */,
				23D75EAF257D47F200ED8DEB /* Main.storyboard */,
				23D75EB2257D47F300ED8DEB /* Assets.xcassets */,
				23D75EB4257D47F300ED8DEB /* LaunchScreen.storyboard */,
				23D75EB7257D47F300ED8DEB /* Info.plist */,
			);
			path = FirstApp;
			sourceTree = "<group>";
		};
		23D75EBF257D47F300ED8DEB /* FirstAppTests */ = {
			isa = PBXGroup;
			children = (
				23D75EC0257D47F300ED8DEB /* FirstAppTests.swift */,
				23D75EC2257D47F300ED8DEB /* Info.plist */,
			);
			path = FirstAppTests;
			sourceTree = "<group>";
		};
		23D75ECA257D47F300ED8DEB /* FirstAppUITests */ = {
			isa = PBXGroup;
			children = (
				23D75ECB257D47F300ED8DEB /* FirstAppUITests.swift */,
				23D75ECD257D47F300ED8DEB /* Info.plist */,
			);
			path = FirstAppUITests;
			sourceTree = "<group>";
		};
/* End PBXGroup section */

/* Begin PBXNativeTarget section */
		23D75EA5257D47F200ED8DEB /* FirstApp */ = {
			isa = PBXNativeTarget;
			buildConfigurationList = 23D75ED0257D47F300ED8DEB /* Build configuration list for PBXNativeTarget "FirstApp" */;
			buildPhases = (
				23D75EA2257D47F200ED8DEB /* Sources */,
				23D75EA3257D47F200ED8DEB /* Frameworks */,
				23D75EA4257D47F200ED8DEB /* Resources */,
			);
			buildRules = (
			);
			dependencies = (
			);
			name = FirstApp;
			productName = FirstApp;
			productReference = 23D75EA6257D47F200ED8DEB /* FirstApp.app */;
			productType = "com.apple.product-type.application";
		};
		23D75EBB257D47F300ED8DEB /* FirstAppTests */ = {
			isa = PBXNativeTarget;
			buildConfigurationList = 23D75ED3257D47F300ED8DEB /* Build configuration list for PBXNativeTarget "FirstAppTests" */;
			buildPhases = (
				23D75EB8257D47F300ED8DEB /* Sources */,
				23D75EB9257D47F300ED8DEB /* Frameworks */,
				23D75EBA257D47F300ED8DEB /* Resources */,
			);
			buildRules = (
			);
			dependencies = (
				23D75EBE257D47F300ED8DEB /* PBXTargetDependency */,
			);
			name = FirstAppTests;
			productName = FirstAppTests;
			productReference = 23D75EBC257D47F300ED8DEB /* FirstAppTests.xctest */;
			productType = "com.apple.product-type.bundle.unit-test";
		};
		23D75EC6257D47F300ED8DEB /* FirstAppUITests */ = {
			isa = PBXNativeTarget;
			buildConfigurationList = 23D75ED6257D47F300ED8DEB /* Build configuration list for PBXNativeTarget "FirstAppUITests" */;
			buildPhases = (
				23D75EC3257D47F300ED8DEB /* Sources */,
				23D75EC4257D47F300ED8DEB /* Frameworks */,
				23D75EC5257D47F300ED8DEB /* Resources */,
			);
			buildRules = (
			);
			dependencies = (
				23D75EC9257D47F300ED8DEB /* PBXTargetDependency */,
			);
			name = FirstAppUITests;
			productName = FirstAppUITests;
			productReference = 23D75EC7257D47F300ED8DEB /* FirstAppUITests.xctest */;
			productType = "com.apple.product-type.bundle.ui-testing";
		};
/* End PBXNativeTarget section */

/* Begin PBXProject section */
		23D75E9E257D47F200ED8DEB /* Project object */ = {
			isa = PBXProject;
			attributes = {
				LastSwiftUpdateCheck = 1220;
				LastUpgradeCheck = 1220;
				TargetAttributes = {
					23D75EA5257D47F200ED8DEB = {
						CreatedOnToolsVersion = 12.2;
					};
					23D75EBB257D47F300ED8DEB = {
						CreatedOnToolsVersion = 12.2;
						TestTargetID = 23D75EA5257D47F200ED8DEB;
					};
					23D75EC6257D47F300ED8DEB = {
						CreatedOnToolsVersion = 12.2;
						TestTargetID = 23D75EA5257D47F200ED8DEB;
					};
				};
			};
			buildConfigurationList = 23D75EA1257D47F200ED8DEB /* Build configuration list for PBXProject "FirstApp" */;
			compatibilityVersion = "Xcode 9.3";
			developmentRegion = en;
			hasScannedForEncodings = 0;
			knownRegions = (
				en,
				Base,
			);
			mainGroup = 23D75E9D257D47F200ED8DEB;
			productRefGroup = 23D75EA7257D47F200ED8DEB /* Products */;
			projectDirPath = "";
			projectRoot = "";
			targets = (
				23D75EA5257D47F200ED8DEB /* FirstApp */,
				23D75EBB257D47F300ED8DEB /* FirstAppTests */,
				23D75EC6257D47F300ED8DEB /* FirstAppUITests */,
			);
		};
/* End PBXProject section */

/* Begin PBXResourcesBuildPhase section */
		23D75EA4257D47F200ED8DEB /* Resources */ = {
			isa = PBXResourcesBuildPhase;
			buildActionMask = 2147483647;
			files = (
				23D75EB6257D47F300ED8DEB /* LaunchScreen.storyboard in Resources */,
				23D75EB3257D47F300ED8DEB /* Assets.xcassets in Resources */,
				23D75EB1257D47F200ED8DEB /* Main.storyboard in Resources */,
			);
			runOnlyForDeploymentPostprocessing = 0;
		};
		23D75EBA257D47F300ED8DEB /* Resources */ = {
			isa = PBXResourcesBuildPhase;
			buildActionMask = 2147483647;
			files = (
			);
			runOnlyForDeploymentPostprocessing = 0;
		};
		23D75EC5257D47F300ED8DEB /* Resources */ = {
			isa = PBXResourcesBuildPhase;
			buildActionMask = 2147483647;
			files = (
			);
			runOnlyForDeploymentPostprocessing = 0;
		};
/* End PBXResourcesBuildPhase section */

/* Begin PBXSourcesBuildPhase section */
		23D75EA2257D47F200ED8DEB /* Sources */ = {
			isa = PBXSourcesBuildPhase;
			buildActionMask = 2147483647;
			files = (
				23D75EAE257D47F200ED8DEB /* ViewController.swift in Sources */,
				23D75EAA257D47F200ED8DEB /* AppDelegate.swift in Sources */,
				23D75EAC257D47F200ED8DEB /* SceneDelegate.swift in Sources */,
			);
			runOnlyForDeploymentPostprocessing = 0;
		};
		23D75EB8257D47F300ED8DEB /* Sources */ = {
			isa = PBXSourcesBuildPhase;
			buildActionMask = 2147483647;
			files = (
				23D75EC1257D47F300ED8DEB /* FirstAppTests.swift in Sources */,
			);
			runOnlyForDeploymentPostprocessing = 0;
		};
		23D75EC3257D47F300ED8DEB /* Sources */ = {
			isa = PBXSourcesBuildPhase;
			buildActionMask = 2147483647;
			files = (
				23D75ECC257D47F300ED8DEB /* FirstAppUITests.swift in Sources */,
			);
			runOnlyForDeploymentPostprocessing = 0;
		};
/* End PBXSourcesBuildPhase section */

/* Begin PBXTargetDependency section */
		23D75EBE257D47F300ED8DEB /* PBXTargetDependency */ = {
			isa = PBXTargetDependency;
			target = 23D75EA5257D47F200ED8DEB /* FirstApp */;
			targetProxy = 23D75EBD257D47F300ED8DEB /* PBXContainerItemProxy */;
		};
		23D75EC9257D47F300ED8DEB /* PBXTargetDependency */ = {
			isa = PBXTargetDependency;
			target = 23D75EA5257D47F200ED8DEB /* FirstApp */;
			targetProxy = 23D75EC8257D47F300ED8DEB /* PBXContainerItemProxy */;
		};
/* End PBXTargetDependency section */

/* Begin PBXVariantGroup section */
		23D75EAF257D47F200ED8DEB /* Main.storyboard */ = {
			isa = PBXVariantGroup;
			children = (
				23D75EB0257D47F200ED8DEB /* Base */,
			);
			name = Main.storyboard;
			sourceTree = "<group>";
		};
		23D75EB4257D47F300ED8DEB /* LaunchScreen.storyboard */ = {
			isa = PBXVariantGroup;
			children = (
				23D75EB5257D47F300ED8DEB /* Base */,
			);
			name = LaunchScreen.storyboard;
			sourceTree = "<group>";
		};
/* End PBXVariantGroup section */

/* Begin XCBuildConfiguration section */
		23D75ECE257D47F300ED8DEB /* Debug */ = {
			isa = XCBuildConfiguration;
			buildSettings = {
				ALWAYS_SEARCH_USER_PATHS = NO;
				CLANG_ANALYZER_NONNULL = YES;
				CLANG_ANALYZER_NUMBER_OBJECT_CONVERSION = YES_AGGRESSIVE;
				CLANG_CXX_LANGUAGE_STANDARD = "gnu++14";
				CLANG_CXX_LIBRARY = "libc++";
				CLANG_ENABLE_MODULES = YES;
				CLANG_ENABLE_OBJC_ARC = YES;
				CLANG_ENABLE_OBJC_WEAK = YES;
				CLANG_WARN_BLOCK_CAPTURE_AUTORELEASING = YES;
				CLANG_WARN_BOOL_CONVERSION = YES;
				CLANG_WARN_COMMA = YES;
				CLANG_WARN_CONSTANT_CONVERSION = YES;
				CLANG_WARN_DEPRECATED_OBJC_IMPLEMENTATIONS = YES;
				CLANG_WARN_DIRECT_OBJC_ISA_USAGE = YES_ERROR;
				CLANG_WARN_DOCUMENTATION_COMMENTS = YES;
				CLANG_WARN_EMPTY_BODY = YES;
				CLANG_WARN_ENUM_CONVERSION = YES;
				CLANG_WARN_INFINITE_RECURSION = YES;
				CLANG_WARN_INT_CONVERSION = YES;
				CLANG_WARN_NON_LITERAL_NULL_CONVERSION = YES;
				CLANG_WARN_OBJC_IMPLICIT_RETAIN_SELF = YES;
				CLANG_WARN_OBJC_LITERAL_CONVERSION = YES;
				CLANG_WARN_OBJC_ROOT_CLASS = YES_ERROR;
				CLANG_WARN_QUOTED_INCLUDE_IN_FRAMEWORK_HEADER = YES;
				CLANG_WARN_RANGE_LOOP_ANALYSIS = YES;
				CLANG_WARN_STRICT_PROTOTYPES = YES;
				CLANG_WARN_SUSPICIOUS_MOVE = YES;
				CLANG_WARN_UNGUARDED_AVAILABILITY = YES_AGGRESSIVE;
				CLANG_WARN_UNREACHABLE_CODE = YES;
				CLANG_WARN__DUPLICATE_METHOD_MATCH = YES;
				COPY_PHASE_STRIP = NO;
				DEBUG_INFORMATION_FORMAT = dwarf;
				ENABLE_STRICT_OBJC_MSGSEND = YES;
				ENABLE_TESTABILITY = YES;
				GCC_C_LANGUAGE_STANDARD = gnu11;
				GCC_DYNAMIC_NO_PIC = NO;
				GCC_NO_COMMON_BLOCKS = YES;
				GCC_OPTIMIZATION_LEVEL = 0;
				GCC_PREPROCESSOR_DEFINITIONS = (
					"DEBUG=1",
					"$(inherited)",
				);
				GCC_WARN_64_TO_32_BIT_CONVERSION = YES;
				GCC_WARN_ABOUT_RETURN_TYPE = YES_ERROR;
				GCC_WARN_UNDECLARED_SELECTOR = YES;
				GCC_WARN_UNINITIALIZED_AUTOS = YES_AGGRESSIVE;
				GCC_WARN_UNUSED_FUNCTION = YES;
				GCC_WARN_UNUSED_VARIABLE = YES;
				IPHONEOS_DEPLOYMENT_TARGET = 14.2;
				MTL_ENABLE_DEBUG_INFO = INCLUDE_SOURCE;
				MTL_FAST_MATH = YES;
				ONLY_ACTIVE_ARCH = YES;
				SDKROOT = iphoneos;
				SWIFT_ACTIVE_COMPILATION_CONDITIONS = DEBUG;
				SWIFT_OPTIMIZATION_LEVEL = "-Onone";
			};
			name = Debug;
		};
		23D75ECF257D47F300ED8DEB /* Release */ = {
			isa = XCBuildConfiguration;
			buildSettings = {
				ALWAYS_SEARCH_USER_PATHS = NO;
				CLANG_ANALYZER_NONNULL = YES;
				CLANG_ANALYZER_NUMBER_OBJECT_CONVERSION = YES_AGGRESSIVE;
				CLANG_CXX_LANGUAGE_STANDARD = "gnu++14";
				CLANG_CXX_LIBRARY = "libc++";
				CLANG_ENABLE_MODULES = YES;
				CLANG_ENABLE_OBJC_ARC = YES;
				CLANG_ENABLE_OBJC_WEAK = YES;
				CLANG_WARN_BLOCK_CAPTURE_AUTORELEASING = YES;
				CLANG_WARN_BOOL_CONVERSION = YES;
				CLANG_WARN_COMMA = YES;
				CLANG_WARN_CONSTANT_CONVERSION = YES;
				CLANG_WARN_DEPRECATED_OBJC_IMPLEMENTATIONS = YES;
				CLANG_WARN_DIRECT_OBJC_ISA_USAGE = YES_ERROR;
				CLANG_WARN_DOCUMENTATION_COMMENTS = YES;
				CLANG_WARN_EMPTY_BODY = YES;
				CLANG_WARN_ENUM_CONVERSION = YES;
				CLANG_WARN_INFINITE_RECURSION = YES;
				CLANG_WARN_INT_CONVERSION = YES;
				CLANG_WARN_NON_LITERAL_NULL_CONVERSION = YES;
				CLANG_WARN_OBJC_IMPLICIT_RETAIN_SELF = YES;
				CLANG_WARN_OBJC_LITERAL_CONVERSION = YES;
				CLANG_WARN_OBJC_ROOT_CLASS = YES_ERROR;
				CLANG_WARN_QUOTED_INCLUDE_IN_FRAMEWORK_HEADER = YES;
				CLANG_WARN_RANGE_LOOP_ANALYSIS = YES;
				CLANG_WARN_STRICT_PROTOTYPES = YES;
				CLANG_WARN_SUSPICIOUS_MOVE = YES;
				CLANG_WARN_UNGUARDED_AVAILABILITY = YES_AGGRESSIVE;
				CLANG_WARN_UNREACHABLE_CODE = YES;
				CLANG_WARN__DUPLICATE_METHOD_MATCH = YES;
				COPY_PHASE_STRIP = NO;
				DEBUG_INFORMATION_FORMAT = "dwarf-with-dsym";
				ENABLE_NS_ASSERTIONS = NO;
				ENABLE_STRICT_OBJC_MSGSEND = YES;
				GCC_C_LANGUAGE_STANDARD = gnu11;
				GCC_NO_COMMON_BLOCKS = YES;
				GCC_WARN_64_TO_32_BIT_CONVERSION = YES;
				GCC_WARN_ABOUT_RETURN_TYPE = YES_ERROR;
				GCC_WARN_UNDECLARED_SELECTOR = YES;
				GCC_WARN_UNINITIALIZED_AUTOS = YES_AGGRESSIVE;
				GCC_WARN_UNUSED_FUNCTION = YES;
				GCC_WARN_UNUSED_VARIABLE = YES;
				IPHONEOS_DEPLOYMENT_TARGET = 14.2;
				MTL_ENABLE_DEBUG_INFO = NO;
				MTL_FAST_MATH = YES;
				SDKROOT = iphoneos;
				SWIFT_COMPILATION_MODE = wholemodule;
				SWIFT_OPTIMIZATION_LEVEL = "-O";
				VALIDATE_PRODUCT = YES;
			};
			name = Release;
		};
		23D75ED1257D47F300ED8DEB /* Debug */ = {
			isa = XCBuildConfiguration;
			buildSettings = {
				ASSETCATALOG_COMPILER_APPICON_NAME = AppIcon;
				ASSETCATALOG_COMPILER_GLOBAL_ACCENT_COLOR_NAME = AccentColor;
				CODE_SIGN_STYLE = Automatic;
				INFOPLIST_FILE = FirstApp/Info.plist;
				LD_RUNPATH_SEARCH_PATHS = (
					"$(inherited)",
					"@executable_path/Frameworks",
				);
				PRODUCT_BUNDLE_IDENTIFIER = easytwice.FirstApp;
				PRODUCT_NAME = "$(TARGET_NAME)";
				SWIFT_VERSION = 5.0;
				TARGETED_DEVICE_FAMILY = "1,2";
			};
			name = Debug;
		};
		23D75ED2257D47F300ED8DEB /* Release */ = {
			isa = XCBuildConfiguration;
			buildSettings = {
				ASSETCATALOG_COMPILER_APPICON_NAME = AppIcon;
				ASSETCATALOG_COMPILER_GLOBAL_ACCENT_COLOR_NAME = AccentColor;
				CODE_SIGN_STYLE = Automatic;
				INFOPLIST_FILE = FirstApp/Info.plist;
				LD_RUNPATH_SEARCH_PATHS = (
					"$(inherited)",
					"@executable_path/Frameworks",
				);
				PRODUCT_BUNDLE_IDENTIFIER = easytwice.FirstApp;
				PRODUCT_NAME = "$(TARGET_NAME)";
				SWIFT_VERSION = 5.0;
				TARGETED_DEVICE_FAMILY = "1,2";
			};
			name = Release;
		};
		23D75ED4257D47F300ED8DEB /* Debug */ = {
			isa = XCBuildConfiguration;
			buildSettings = {
				ALWAYS_EMBED_SWIFT_STANDARD_LIBRARIES = YES;
				BUNDLE_LOADER = "$(TEST_HOST)";
				CODE_SIGN_STYLE = Automatic;
				INFOPLIST_FILE = FirstAppTests/Info.plist;
				IPHONEOS_DEPLOYMENT_TARGET = 14.2;
				LD_RUNPATH_SEARCH_PATHS = (
					"$(inherited)",
					"@executable_path/Frameworks",
					"@loader_path/Frameworks",
				);
				PRODUCT_BUNDLE_IDENTIFIER = easytwice.FirstAppTests;
				PRODUCT_NAME = "$(TARGET_NAME)";
				SWIFT_VERSION = 5.0;
				TARGETED_DEVICE_FAMILY = "1,2";
				TEST_HOST = "$(BUILT_PRODUCTS_DIR)/FirstApp.app/FirstApp";
			};
			name = Debug;
		};
		23D75ED5257D47F300ED8DEB /* Release */ = {
			isa = XCBuildConfiguration;
			buildSettings = {
				ALWAYS_EMBED_SWIFT_STANDARD_LIBRARIES = YES;
				BUNDLE_LOADER = "$(TEST_HOST)";
				CODE_SIGN_STYLE = Automatic;
				INFOPLIST_FILE = FirstAppTests/Info.plist;
				IPHONEOS_DEPLOYMENT_TARGET = 14.2;
				LD_RUNPATH_SEARCH_PATHS = (
					"$(inherited)",
					"@executable_path/Frameworks",
					"@loader_path/Frameworks",
				);
				PRODUCT_BUNDLE_IDENTIFIER = easytwice.FirstAppTests;
				PRODUCT_NAME = "$(TARGET_NAME)";
				SWIFT_VERSION = 5.0;
				TARGETED_DEVICE_FAMILY = "1,2";
				TEST_HOST = "$(BUILT_PRODUCTS_DIR)/FirstApp.app/FirstApp";
			};
			name = Release;
		};
		23D75ED7257D47F300ED8DEB /* Debug */ = {
			isa = XCBuildConfiguration;
			buildSettings = {
				ALWAYS_EMBED_SWIFT_STANDARD_LIBRARIES = YES;
				CODE_SIGN_STYLE = Automatic;
				INFOPLIST_FILE = FirstAppUITests/Info.plist;
				LD_RUNPATH_SEARCH_PATHS = (
					"$(inherited)",
					"@executable_path/Frameworks",
					"@loader_path/Frameworks",
				);
				PRODUCT_BUNDLE_IDENTIFIER = easytwice.FirstAppUITests;
				PRODUCT_NAME = "$(TARGET_NAME)";
				SWIFT_VERSION = 5.0;
				TARGETED_DEVICE_FAMILY = "1,2";
				TEST_TARGET_NAME = FirstApp;
			};
			name = Debug;
		};
		23D75ED8257D47F300ED8DEB /* Release */ = {
			isa = XCBuildConfiguration;
			buildSettings = {
				ALWAYS_EMBED_SWIFT_STANDARD_LIBRARIES = YES;
				CODE_SIGN_STYLE = Automatic;
				INFOPLIST_FILE = FirstAppUITests/Info.plist;
				LD_RUNPATH_SEARCH_PATHS = (
					"$(inherited)",
					"@executable_path/Frameworks",
					"@loader_path/Frameworks",
				);
				PRODUCT_BUNDLE_IDENTIFIER = easytwice.FirstAppUITests;
				PRODUCT_NAME = "$(TARGET_NAME)";
				SWIFT_VERSION = 5.0;
				TARGETED_DEVICE_FAMILY = "1,2";
				TEST_TARGET_NAME = FirstApp;
			};
			name = Release;
		};
/* End XCBuildConfiguration section */

/* Begin XCConfigurationList section */
		23D75EA1257D47F200ED8DEB /* Build configuration list for PBXProject "FirstApp" */ = {
			isa = XCConfigurationList;
			buildConfigurations = (
				23D75ECE257D47F300ED8DEB /* Debug */,
				23D75ECF257D47F300ED8DEB /* Release */,
			);
			defaultConfigurationIsVisible = 0;
			defaultConfigurationName = Release;
		};
		23D75ED0257D47F300ED8DEB /* Build configuration list for PBXNativeTarget "FirstApp" */ = {
			isa = XCConfigurationList;
			buildConfigurations = (
				23D75ED1257D47F300ED8DEB /* Debug */,
				23D75ED2257D47F300ED8DEB /* Release */,
			);
			defaultConfigurationIsVisible = 0;
			defaultConfigurationName = Release;
		};
		23D75ED3257D47F300ED8DEB /* Build configuration list for PBXNativeTarget "FirstAppTests" */ = {
			isa = XCConfigurationList;
			buildConfigurations = (
				23D75ED4257D47F300ED8DEB /* Debug */,
				23D75ED5257D47F300ED8DEB /* Release */,
			);
			defaultConfigurationIsVisible = 0;
			defaultConfigurationName = Release;
		};
		23D75ED6257D47F300ED8DEB /* Build configuration list for PBXNativeTarget "FirstAppUITests" */ = {
			isa = XCConfigurationList;
			buildConfigurations = (
				23D75ED7257D47F300ED8DEB /* Debug */,
				23D75ED8257D47F300ED8DEB /* Release */,
			);
			defaultConfigurationIsVisible = 0;
			defaultConfigurationName = Release;
		};
/* End XCConfigurationList section */
	};
	rootObject = 23D75E9E257D47F200ED8DEB /* Project object */;
}
